
Microsoft Visual Studio Solution File, Format Version 12.00
# Visual Studio Version 17
VisualStudioVersion = 17.7.34031.279
MinimumVisualStudioVersion = 10.0.40219.1
Project("{FAE04EC0-301F-11D3-BF4B-00C04F79EFBC}") = "WindowsFormsApp1", "WindowsFormsApp1\WindowsFormsApp1.csproj", "{2BC78145-4605-4EB6-9C30-EF0CE71D9E25}"
EndProject
Global
	GlobalSection(SolutionConfigurationPlatforms) = preSolution
		Debug|Any CPU = Debug|Any CPU
		Release|Any CPU = Release|Any CPU
	EndGlobalSection
	GlobalSection(ProjectConfigurationPlatforms) = postSolution
		{2BC78145-4605-4EB6-9C30-EF0CE71D9E25}.Debug|Any CPU.ActiveCfg = Debug|Any CPU
		{2BC78145-4605-4EB6-9C30-EF0CE71D9E25}.Debug|Any CPU.Build.0 = Debug|Any CPU
		{2BC78145-4605-4EB6-9C30-EF0CE71D9E25}.Release|Any CPU.ActiveCfg = Release|Any CPU
		{2BC78145-4605-4EB6-9C30-EF0CE71D9E25}.Release|Any CPU.Build.0 = Release|Any CPU
	EndGlobalSection
	GlobalSection(SolutionProperties) = preSolution
		HideSolutionNode = FALSE
	EndGlobalSection
	GlobalSection(ExtensibilityGlobals) = postSolution
		SolutionGuid = {F35C855C-3144-497B-BF96-1BD94EF75F89}
	EndGlobalSection
EndGlobal
